
Microsoft Visual Studio Solution File, Format Version 12.00
# Visual Studio Version 17
VisualStudioVersion = 17.6.33829.357
MinimumVisualStudioVersion = 10.0.40219.1
Project("{FAE04EC0-301F-11D3-BF4B-00C04F79EFBC}") = "PdfConverter.Core", "PdfConverter.Core\PdfConverter.Core.csproj", "{57087F63-FB99-4F89-948D-A81CBF97F31F}"
EndProject
Global
	GlobalSection(SolutionConfigurationPlatforms) = preSolution
		Debug|Any CPU = Debug|Any CPU
		Release|Any CPU = Release|Any CPU
	EndGlobalSection
	GlobalSection(ProjectConfigurationPlatforms) = postSolution
		{57087F63-FB99-4F89-948D-A81CBF97F31F}.Debug|Any CPU.ActiveCfg = Debug|Any CPU
		{57087F63-FB99-4F89-948D-A81CBF97F31F}.Debug|Any CPU.Build.0 = Debug|Any CPU
		{57087F63-FB99-4F89-948D-A81CBF97F31F}.Release|Any CPU.ActiveCfg = Release|Any CPU
		{57087F63-FB99-4F89-948D-A81CBF97F31F}.Release|Any CPU.Build.0 = Release|Any CPU
	EndGlobalSection
	GlobalSection(SolutionProperties) = preSolution
		HideSolutionNode = FALSE
	EndGlobalSection
	GlobalSection(ExtensibilityGlobals) = postSolution
		SolutionGuid = {C215924E-4E37-463D-B656-37643BDE72D7}
	EndGlobalSection
EndGlobal
